// !$*UTF8*$!
{
	archiveVersion = 1;
	classes = {
	};
	objectVersion = 56;
	objects = {

/* Begin PBXBuildFile section */
		0F43A8972C7A11E000523116 /* CardDetailView.swift in Sources */ = {isa = PBXBuildFile; fileRef = 0F43A8962C7A11E000523116 /* CardDetailView.swift */; };
		0F43A8992C7A145500523116 /* CardModal.swift in Sources */ = {isa = PBXBuildFile; fileRef = 0F43A8982C7A145500523116 /* CardModal.swift */; };
		0F43A89B2C7A157200523116 /* CardBottomToolbar.swift in Sources */ = {isa = PBXBuildFile; fileRef = 0F43A89A2C7A157200523116 /* CardBottomToolbar.swift */; };
		0F43A8A02C7A23E600523116 /* ResizableView.swift in Sources */ = {isa = PBXBuildFile; fileRef = 0F43A89F2C7A23E600523116 /* ResizableView.swift */; };
		0F43A8A22C7A24B800523116 /* Transform.swift in Sources */ = {isa = PBXBuildFile; fileRef = 0F43A8A12C7A24B800523116 /* Transform.swift */; };
		0F43A8A42C7A277400523116 /* Operators.swift in Sources */ = {isa = PBXBuildFile; fileRef = 0F43A8A32C7A277400523116 /* Operators.swift */; };
		0F43A8A72C7A377900523116 /* ViewExtensions.swift in Sources */ = {isa = PBXBuildFile; fileRef = 0F43A8A62C7A377900523116 /* ViewExtensions.swift */; };
		0F43A8AA2C7A3C3400523116 /* Settings.swift in Sources */ = {isa = PBXBuildFile; fileRef = 0F43A8A92C7A3C3400523116 /* Settings.swift */; };
		0F43A8AC2C7A3E1000523116 /* ColorExtensions.swift in Sources */ = {isa = PBXBuildFile; fileRef = 0F43A8AB2C7A3E1000523116 /* ColorExtensions.swift */; };
		0F43A8AE2C7A468200523116 /* CardToolBar.swift in Sources */ = {isa = PBXBuildFile; fileRef = 0F43A8AD2C7A468200523116 /* CardToolBar.swift */; };
		0F43A8B02C7A63C700523116 /* PreviewData.swift in Sources */ = {isa = PBXBuildFile; fileRef = 0F43A8AF2C7A63C700523116 /* PreviewData.swift */; };
		0F43A8B22C7A640800523116 /* TextExtensions.swift in Sources */ = {isa = PBXBuildFile; fileRef = 0F43A8B12C7A640800523116 /* TextExtensions.swift */; };
		0F43A8B42C7A67FE00523116 /* CardElement.swift in Sources */ = {isa = PBXBuildFile; fileRef = 0F43A8B32C7A67FE00523116 /* CardElement.swift */; };
		0F43A8B62C7A681C00523116 /* Card.swift in Sources */ = {isa = PBXBuildFile; fileRef = 0F43A8B52C7A681C00523116 /* Card.swift */; };
		0F43A8B82C7A687000523116 /* CardStore.swift in Sources */ = {isa = PBXBuildFile; fileRef = 0F43A8B72C7A687000523116 /* CardStore.swift */; };
		0F43A8BA2C7A840000523116 /* CardElementView.swift in Sources */ = {isa = PBXBuildFile; fileRef = 0F43A8B92C7A840000523116 /* CardElementView.swift */; };
		0F43A8BD2C7B9E7900523116 /* Stickers in Resources */ = {isa = PBXBuildFile; fileRef = 0F43A8BC2C7B9E7900523116 /* Stickers */; };
		0F43A8C02C7BA1C000523116 /* StickerPicker.swift in Sources */ = {isa = PBXBuildFile; fileRef = 0F43A8BF2C7BA1C000523116 /* StickerPicker.swift */; };
		0F43A8C22C7C870700523116 /* PhotoPicker.swift in Sources */ = {isa = PBXBuildFile; fileRef = 0F43A8C12C7C870700523116 /* PhotoPicker.swift */; };
		0F43A8C42C7C995D00523116 /* CardDrop.swift in Sources */ = {isa = PBXBuildFile; fileRef = 0F43A8C32C7C995D00523116 /* CardDrop.swift */; };
		0F43A8C82C7CAA6A00523116 /* PencilView.swift in Sources */ = {isa = PBXBuildFile; fileRef = 0F43A8C72C7CAA6A00523116 /* PencilView.swift */; };
		0F43A8CA2C7CC4B700523116 /* Shapes.swift in Sources */ = {isa = PBXBuildFile; fileRef = 0F43A8C92C7CC4B700523116 /* Shapes.swift */; };
		0F43A8CC2C7CD12100523116 /* FramePicker.swift in Sources */ = {isa = PBXBuildFile; fileRef = 0F43A8CB2C7CD12100523116 /* FramePicker.swift */; };
		0F43A8CE2C7CD2E500523116 /* AnyShape.swift in Sources */ = {isa = PBXBuildFile; fileRef = 0F43A8CD2C7CD2E500523116 /* AnyShape.swift */; };
		0F43A8D62C820B7700523116 /* UIImageExtensions.swift in Sources */ = {isa = PBXBuildFile; fileRef = 0F43A8D52C820B7700523116 /* UIImageExtensions.swift */; };
		0F43A8D82C820BF300523116 /* FileManagerExtensions.swift in Sources */ = {isa = PBXBuildFile; fileRef = 0F43A8D72C820BF300523116 /* FileManagerExtensions.swift */; };
		0F43A8DA2C8215F700523116 /* AngleExtensions.swift in Sources */ = {isa = PBXBuildFile; fileRef = 0F43A8D92C8215F700523116 /* AngleExtensions.swift */; };
		0F43A8DC2C85C92E00523116 /* TextPicker.swift in Sources */ = {isa = PBXBuildFile; fileRef = 0F43A8DB2C85C92E00523116 /* TextPicker.swift */; };
		0F43A8DE2C85EE0000523116 /* CardModalViews.swift in Sources */ = {isa = PBXBuildFile; fileRef = 0F43A8DD2C85EE0000523116 /* CardModalViews.swift */; };
		0F5394172C8756350017899F /* Carousel.swift in Sources */ = {isa = PBXBuildFile; fileRef = 0F5394162C8756350017899F /* Carousel.swift */; };
		0F5394192C87566A0017899F /* RenderableView.swift in Sources */ = {isa = PBXBuildFile; fileRef = 0F5394182C87566A0017899F /* RenderableView.swift */; };
		0F53941B2C8757A40017899F /* ShareSheetView.swift in Sources */ = {isa = PBXBuildFile; fileRef = 0F53941A2C8757A40017899F /* ShareSheetView.swift */; };
		0F53941E2C87582E0017899F /* AppFonts.swift in Sources */ = {isa = PBXBuildFile; fileRef = 0F53941D2C87582E0017899F /* AppFonts.swift */; };
		0F5394222C8758720017899F /* TextView.swift in Sources */ = {isa = PBXBuildFile; fileRef = 0F5394212C8758720017899F /* TextView.swift */; };
		0F5394242C875ACA0017899F /* AppLoadingView.swift in Sources */ = {isa = PBXBuildFile; fileRef = 0F5394232C875ACA0017899F /* AppLoadingView.swift */; };
		0F5394262C875AD70017899F /* SplashScreen.swift in Sources */ = {isa = PBXBuildFile; fileRef = 0F5394252C875AD70017899F /* SplashScreen.swift */; };
		0F5394282C875F8B0017899F /* UIApplicationExtensions.swift in Sources */ = {isa = PBXBuildFile; fileRef = 0F5394272C875F8B0017899F /* UIApplicationExtensions.swift */; };
		0F53942A2C8894150017899F /* ListSelectionView.swift in Sources */ = {isa = PBXBuildFile; fileRef = 0F5394292C8894150017899F /* ListSelectionView.swift */; };
		0FFAED7B2C78C87A00F5B005 /* CardsApp.swift in Sources */ = {isa = PBXBuildFile; fileRef = 0FFAED7A2C78C87A00F5B005 /* CardsApp.swift */; };
		0FFAED7D2C78C87A00F5B005 /* ContentView.swift in Sources */ = {isa = PBXBuildFile; fileRef = 0FFAED7C2C78C87A00F5B005 /* ContentView.swift */; };
		0FFAED7F2C78C87B00F5B005 /* Assets.xcassets in Resources */ = {isa = PBXBuildFile; fileRef = 0FFAED7E2C78C87B00F5B005 /* Assets.xcassets */; };
		0FFAED822C78C87B00F5B005 /* Preview Assets.xcassets in Resources */ = {isa = PBXBuildFile; fileRef = 0FFAED812C78C87B00F5B005 /* Preview Assets.xcassets */; };
		0FFAED892C78D02600F5B005 /* CardsListView.swift in Sources */ = {isa = PBXBuildFile; fileRef = 0FFAED882C78D02600F5B005 /* CardsListView.swift */; };
		0FFAED8B2C78D14D00F5B005 /* CardThumbnailView.swift in Sources */ = {isa = PBXBuildFile; fileRef = 0FFAED8A2C78D14D00F5B005 /* CardThumbnailView.swift */; };
		0FFAED8D2C78D1E200F5B005 /* SingleCardView.swift in Sources */ = {isa = PBXBuildFile; fileRef = 0FFAED8C2C78D1E200F5B005 /* SingleCardView.swift */; };
		0FFAED8F2C78D2A500F5B005 /* ViewState.swift in Sources */ = {isa = PBXBuildFile; fileRef = 0FFAED8E2C78D2A500F5B005 /* ViewState.swift */; };
		0FFAED912C78D44F00F5B005 /* CardsView.swift in Sources */ = {isa = PBXBuildFile; fileRef = 0FFAED902C78D44F00F5B005 /* CardsView.swift */; };
/* End PBXBuildFile section */

/* Begin PBXFileReference section */
		0F43A8962C7A11E000523116 /* CardDetailView.swift */ = {isa = PBXFileReference; lastKnownFileType = sourcecode.swift; path = CardDetailView.swift; sourceTree = "<group>"; };
		0F43A8982C7A145500523116 /* CardModal.swift */ = {isa = PBXFileReference; lastKnownFileType = sourcecode.swift; path = CardModal.swift; sourceTree = "<group>"; };
		0F43A89A2C7A157200523116 /* CardBottomToolbar.swift */ = {isa = PBXFileReference; lastKnownFileType = sourcecode.swift; path = CardBottomToolbar.swift; sourceTree = "<group>"; };
		0F43A89F2C7A23E600523116 /* ResizableView.swift */ = {isa = PBXFileReference; lastKnownFileType = sourcecode.swift; path = ResizableView.swift; sourceTree = "<group>"; };
		0F43A8A12C7A24B800523116 /* Transform.swift */ = {isa = PBXFileReference; lastKnownFileType = sourcecode.swift; path = Transform.swift; sourceTree = "<group>"; };
		0F43A8A32C7A277400523116 /* Operators.swift */ = {isa = PBXFileReference; lastKnownFileType = sourcecode.swift; path = Operators.swift; sourceTree = "<group>"; };
		0F43A8A62C7A377900523116 /* ViewExtensions.swift */ = {isa = PBXFileReference; lastKnownFileType = sourcecode.swift; path = ViewExtensions.swift; sourceTree = "<group>"; };
		0F43A8A92C7A3C3400523116 /* Settings.swift */ = {isa = PBXFileReference; lastKnownFileType = sourcecode.swift; path = Settings.swift; sourceTree = "<group>"; };
		0F43A8AB2C7A3E1000523116 /* ColorExtensions.swift */ = {isa = PBXFileReference; lastKnownFileType = sourcecode.swift; path = ColorExtensions.swift; sourceTree = "<group>"; };
		0F43A8AD2C7A468200523116 /* CardToolBar.swift */ = {isa = PBXFileReference; lastKnownFileType = sourcecode.swift; path = CardToolBar.swift; sourceTree = "<group>"; };
		0F43A8AF2C7A63C700523116 /* PreviewData.swift */ = {isa = PBXFileReference; lastKnownFileType = sourcecode.swift; path = PreviewData.swift; sourceTree = "<group>"; };
		0F43A8B12C7A640800523116 /* TextExtensions.swift */ = {isa = PBXFileReference; lastKnownFileType = sourcecode.swift; path = TextExtensions.swift; sourceTree = "<group>"; };
		0F43A8B32C7A67FE00523116 /* CardElement.swift */ = {isa = PBXFileReference; lastKnownFileType = sourcecode.swift; path = CardElement.swift; sourceTree = "<group>"; };
		0F43A8B52C7A681C00523116 /* Card.swift */ = {isa = PBXFileReference; lastKnownFileType = sourcecode.swift; path = Card.swift; sourceTree = "<group>"; };
		0F43A8B72C7A687000523116 /* CardStore.swift */ = {isa = PBXFileReference; lastKnownFileType = sourcecode.swift; path = CardStore.swift; sourceTree = "<group>"; };
		0F43A8B92C7A840000523116 /* CardElementView.swift */ = {isa = PBXFileReference; lastKnownFileType = sourcecode.swift; path = CardElementView.swift; sourceTree = "<group>"; };
		0F43A8BB2C7B63CB00523116 /* Info.plist */ = {isa = PBXFileReference; lastKnownFileType = text.plist; path = Info.plist; sourceTree = "<group>"; };
		0F43A8BC2C7B9E7900523116 /* Stickers */ = {isa = PBXFileReference; lastKnownFileType = folder; name = Stickers; path = "../suia-materials-editions-1.0/16-adding-assets-to-your-app/assets/Stickers"; sourceTree = "<group>"; };
		0F43A8BF2C7BA1C000523116 /* StickerPicker.swift */ = {isa = PBXFileReference; lastKnownFileType = sourcecode.swift; path = StickerPicker.swift; sourceTree = "<group>"; };
		0F43A8C12C7C870700523116 /* PhotoPicker.swift */ = {isa = PBXFileReference; lastKnownFileType = sourcecode.swift; path = PhotoPicker.swift; sourceTree = "<group>"; };
		0F43A8C32C7C995D00523116 /* CardDrop.swift */ = {isa = PBXFileReference; lastKnownFileType = sourcecode.swift; path = CardDrop.swift; sourceTree = "<group>"; };
		0F43A8C72C7CAA6A00523116 /* PencilView.swift */ = {isa = PBXFileReference; lastKnownFileType = sourcecode.swift; path = PencilView.swift; sourceTree = "<group>"; };
		0F43A8C92C7CC4B700523116 /* Shapes.swift */ = {isa = PBXFileReference; lastKnownFileType = sourcecode.swift; path = Shapes.swift; sourceTree = "<group>"; };
		0F43A8CB2C7CD12100523116 /* FramePicker.swift */ = {isa = PBXFileReference; lastKnownFileType = sourcecode.swift; path = FramePicker.swift; sourceTree = "<group>"; };
		0F43A8CD2C7CD2E500523116 /* AnyShape.swift */ = {isa = PBXFileReference; lastKnownFileType = sourcecode.swift; path = AnyShape.swift; sourceTree = "<group>"; };
		0F43A8D52C820B7700523116 /* UIImageExtensions.swift */ = {isa = PBXFileReference; lastKnownFileType = sourcecode.swift; path = UIImageExtensions.swift; sourceTree = "<group>"; };
		0F43A8D72C820BF300523116 /* FileManagerExtensions.swift */ = {isa = PBXFileReference; lastKnownFileType = sourcecode.swift; path = FileManagerExtensions.swift; sourceTree = "<group>"; };
		0F43A8D92C8215F700523116 /* AngleExtensions.swift */ = {isa = PBXFileReference; lastKnownFileType = sourcecode.swift; path = AngleExtensions.swift; sourceTree = "<group>"; };
		0F43A8DB2C85C92E00523116 /* TextPicker.swift */ = {isa = PBXFileReference; lastKnownFileType = sourcecode.swift; path = TextPicker.swift; sourceTree = "<group>"; };
		0F43A8DD2C85EE0000523116 /* CardModalViews.swift */ = {isa = PBXFileReference; lastKnownFileType = sourcecode.swift; path = CardModalViews.swift; sourceTree = "<group>"; };
		0F5394162C8756350017899F /* Carousel.swift */ = {isa = PBXFileReference; lastKnownFileType = sourcecode.swift; path = Carousel.swift; sourceTree = "<group>"; };
		0F5394182C87566A0017899F /* RenderableView.swift */ = {isa = PBXFileReference; lastKnownFileType = sourcecode.swift; path = RenderableView.swift; sourceTree = "<group>"; };
		0F53941A2C8757A40017899F /* ShareSheetView.swift */ = {isa = PBXFileReference; lastKnownFileType = sourcecode.swift; path = ShareSheetView.swift; sourceTree = "<group>"; };
		0F53941D2C87582E0017899F /* AppFonts.swift */ = {isa = PBXFileReference; lastKnownFileType = sourcecode.swift; path = AppFonts.swift; sourceTree = "<group>"; };
		0F5394212C8758720017899F /* TextView.swift */ = {isa = PBXFileReference; lastKnownFileType = sourcecode.swift; path = TextView.swift; sourceTree = "<group>"; };
		0F5394232C875ACA0017899F /* AppLoadingView.swift */ = {isa = PBXFileReference; lastKnownFileType = sourcecode.swift; path = AppLoadingView.swift; sourceTree = "<group>"; };
		0F5394252C875AD70017899F /* SplashScreen.swift */ = {isa = PBXFileReference; lastKnownFileType = sourcecode.swift; path = SplashScreen.swift; sourceTree = "<group>"; };
		0F5394272C875F8B0017899F /* UIApplicationExtensions.swift */ = {isa = PBXFileReference; lastKnownFileType = sourcecode.swift; path = UIApplicationExtensions.swift; sourceTree = "<group>"; };
		0F5394292C8894150017899F /* ListSelectionView.swift */ = {isa = PBXFileReference; lastKnownFileType = sourcecode.swift; path = ListSelectionView.swift; sourceTree = "<group>"; };
		0FFAED772C78C87A00F5B005 /* Cards.app */ = {isa = PBXFileReference; explicitFileType = wrapper.application; includeInIndex = 0; path = Cards.app; sourceTree = BUILT_PRODUCTS_DIR; };
		0FFAED7A2C78C87A00F5B005 /* CardsApp.swift */ = {isa = PBXFileReference; lastKnownFileType = sourcecode.swift; path = CardsApp.swift; sourceTree = "<group>"; };
		0FFAED7C2C78C87A00F5B005 /* ContentView.swift */ = {isa = PBXFileReference; lastKnownFileType = sourcecode.swift; path = ContentView.swift; sourceTree = "<group>"; };
		0FFAED7E2C78C87B00F5B005 /* Assets.xcassets */ = {isa = PBXFileReference; lastKnownFileType = folder.assetcatalog; path = Assets.xcassets; sourceTree = "<group>"; };
		0FFAED812C78C87B00F5B005 /* Preview Assets.xcassets */ = {isa = PBXFileReference; lastKnownFileType = folder.assetcatalog; path = "Preview Assets.xcassets"; sourceTree = "<group>"; };
		0FFAED882C78D02600F5B005 /* CardsListView.swift */ = {isa = PBXFileReference; lastKnownFileType = sourcecode.swift; path = CardsListView.swift; sourceTree = "<group>"; };
		0FFAED8A2C78D14D00F5B005 /* CardThumbnailView.swift */ = {isa = PBXFileReference; lastKnownFileType = sourcecode.swift; path = CardThumbnailView.swift; sourceTree = "<group>"; };
		0FFAED8C2C78D1E200F5B005 /* SingleCardView.swift */ = {isa = PBXFileReference; lastKnownFileType = sourcecode.swift; path = SingleCardView.swift; sourceTree = "<group>"; };
		0FFAED8E2C78D2A500F5B005 /* ViewState.swift */ = {isa = PBXFileReference; lastKnownFileType = sourcecode.swift; path = ViewState.swift; sourceTree = "<group>"; };
		0FFAED902C78D44F00F5B005 /* CardsView.swift */ = {isa = PBXFileReference; lastKnownFileType = sourcecode.swift; path = CardsView.swift; sourceTree = "<group>"; };
/* End PBXFileReference section */

/* Begin PBXFrameworksBuildPhase section */
		0FFAED742C78C87A00F5B005 /* Frameworks */ = {
			isa = PBXFrameworksBuildPhase;
			buildActionMask = 2147483647;
			files = (
			);
			runOnlyForDeploymentPostprocessing = 0;
		};
/* End PBXFrameworksBuildPhase section */

/* Begin PBXGroup section */
		0F43A89C2C7A1E9400523116 /* Views */ = {
			isa = PBXGroup;
			children = (
				0FFAED7C2C78C87A00F5B005 /* ContentView.swift */,
				0FFAED902C78D44F00F5B005 /* CardsView.swift */,
				0F5394292C8894150017899F /* ListSelectionView.swift */,
				0FFAED882C78D02600F5B005 /* CardsListView.swift */,
				0FFAED8A2C78D14D00F5B005 /* CardThumbnailView.swift */,
				0F43A89F2C7A23E600523116 /* ResizableView.swift */,
				0F43A89E2C7A1EF000523116 /* Single Card Views */,
			);
			path = Views;
			sourceTree = "<group>";
		};
		0F43A89D2C7A1EB000523116 /* Model */ = {
			isa = PBXGroup;
			children = (
				0F43A8982C7A145500523116 /* CardModal.swift */,
				0FFAED8E2C78D2A500F5B005 /* ViewState.swift */,
				0F43A8A12C7A24B800523116 /* Transform.swift */,
				0F43A8B32C7A67FE00523116 /* CardElement.swift */,
				0F43A8B52C7A681C00523116 /* Card.swift */,
				0F43A8B72C7A687000523116 /* CardStore.swift */,
				0F43A8C92C7CC4B700523116 /* Shapes.swift */,
				0F43A8CD2C7CD2E500523116 /* AnyShape.swift */,
			);
			path = Model;
			sourceTree = "<group>";
		};
		0F43A89E2C7A1EF000523116 /* Single Card Views */ = {
			isa = PBXGroup;
			children = (
				0FFAED8C2C78D1E200F5B005 /* SingleCardView.swift */,
				0F43A8962C7A11E000523116 /* CardDetailView.swift */,
				0F43A8B92C7A840000523116 /* CardElementView.swift */,
				0F43A89A2C7A157200523116 /* CardBottomToolbar.swift */,
				0F43A8AD2C7A468200523116 /* CardToolBar.swift */,
				0F43A8C32C7C995D00523116 /* CardDrop.swift */,
				0F43A8DD2C85EE0000523116 /* CardModalViews.swift */,
				0F43A8BE2C7BA19C00523116 /* Card Modal Views */,
			);
			path = "Single Card Views";
			sourceTree = "<group>";
		};
		0F43A8A52C7A375800523116 /* Extensions */ = {
			isa = PBXGroup;
			children = (
				0F43A8A62C7A377900523116 /* ViewExtensions.swift */,
				0F43A8AB2C7A3E1000523116 /* ColorExtensions.swift */,
				0F43A8B12C7A640800523116 /* TextExtensions.swift */,
				0F43A8D52C820B7700523116 /* UIImageExtensions.swift */,
				0F43A8D72C820BF300523116 /* FileManagerExtensions.swift */,
				0F43A8D92C8215F700523116 /* AngleExtensions.swift */,
				0F5394272C875F8B0017899F /* UIApplicationExtensions.swift */,
			);
			path = Extensions;
			sourceTree = "<group>";
		};
		0F43A8A82C7A3C2000523116 /* Config */ = {
			isa = PBXGroup;
			children = (
				0F43A8A32C7A277400523116 /* Operators.swift */,
				0F43A8A92C7A3C3400523116 /* Settings.swift */,
			);
			path = Config;
			sourceTree = "<group>";
		};
		0F43A8BE2C7BA19C00523116 /* Card Modal Views */ = {
			isa = PBXGroup;
			children = (
				0F43A8BF2C7BA1C000523116 /* StickerPicker.swift */,
				0F43A8C12C7C870700523116 /* PhotoPicker.swift */,
				0F43A8C72C7CAA6A00523116 /* PencilView.swift */,
				0F43A8CB2C7CD12100523116 /* FramePicker.swift */,
				0F43A8DB2C85C92E00523116 /* TextPicker.swift */,
			);
			path = "Card Modal Views";
			sourceTree = "<group>";
		};
		0F5394152C8756060017899F /* Supporting Code */ = {
			isa = PBXGroup;
			children = (
				0F5394162C8756350017899F /* Carousel.swift */,
				0F5394182C87566A0017899F /* RenderableView.swift */,
				0F53941A2C8757A40017899F /* ShareSheetView.swift */,
				0F53941C2C8758210017899F /* Text Entry */,
			);
			path = "Supporting Code";
			sourceTree = "<group>";
		};
		0F53941C2C8758210017899F /* Text Entry */ = {
			isa = PBXGroup;
			children = (
				0F53941D2C87582E0017899F /* AppFonts.swift */,
				0F5394212C8758720017899F /* TextView.swift */,
			);
			path = "Text Entry";
			sourceTree = "<group>";
		};
		0FFAED6E2C78C87A00F5B005 = {
			isa = PBXGroup;
			children = (
				0F43A8BC2C7B9E7900523116 /* Stickers */,
				0FFAED792C78C87A00F5B005 /* Cards */,
				0FFAED782C78C87A00F5B005 /* Products */,
			);
			sourceTree = "<group>";
		};
		0FFAED782C78C87A00F5B005 /* Products */ = {
			isa = PBXGroup;
			children = (
				0FFAED772C78C87A00F5B005 /* Cards.app */,
			);
			name = Products;
			sourceTree = "<group>";
		};
		0FFAED792C78C87A00F5B005 /* Cards */ = {
			isa = PBXGroup;
			children = (
				0F43A8BB2C7B63CB00523116 /* Info.plist */,
				0FFAED7A2C78C87A00F5B005 /* CardsApp.swift */,
				0F5394232C875ACA0017899F /* AppLoadingView.swift */,
				0F5394252C875AD70017899F /* SplashScreen.swift */,
				0F43A89C2C7A1E9400523116 /* Views */,
				0F43A89D2C7A1EB000523116 /* Model */,
				0F43A8A82C7A3C2000523116 /* Config */,
				0F43A8A52C7A375800523116 /* Extensions */,
				0F5394152C8756060017899F /* Supporting Code */,
				0FFAED7E2C78C87B00F5B005 /* Assets.xcassets */,
				0FFAED802C78C87B00F5B005 /* Preview Content */,
			);
			path = Cards;
			sourceTree = "<group>";
		};
		0FFAED802C78C87B00F5B005 /* Preview Content */ = {
			isa = PBXGroup;
			children = (
				0FFAED812C78C87B00F5B005 /* Preview Assets.xcassets */,
				0F43A8AF2C7A63C700523116 /* PreviewData.swift */,
			);
			path = "Preview Content";
			sourceTree = "<group>";
		};
/* End PBXGroup section */

/* Begin PBXNativeTarget section */
		0FFAED762C78C87A00F5B005 /* Cards */ = {
			isa = PBXNativeTarget;
			buildConfigurationList = 0FFAED852C78C87B00F5B005 /* Build configuration list for PBXNativeTarget "Cards" */;
			buildPhases = (
				0FFAED732C78C87A00F5B005 /* Sources */,
				0FFAED742C78C87A00F5B005 /* Frameworks */,
				0FFAED752C78C87A00F5B005 /* Resources */,
			);
			buildRules = (
			);
			dependencies = (
			);
			name = Cards;
			productName = Cards;
			productReference = 0FFAED772C78C87A00F5B005 /* Cards.app */;
			productType = "com.apple.product-type.application";
		};
/* End PBXNativeTarget section */

/* Begin PBXProject section */
		0FFAED6F2C78C87A00F5B005 /* Project object */ = {
			isa = PBXProject;
			attributes = {
				BuildIndependentTargetsInParallel = 1;
				LastSwiftUpdateCheck = 1530;
				LastUpgradeCheck = 1530;
				TargetAttributes = {
					0FFAED762C78C87A00F5B005 = {
						CreatedOnToolsVersion = 15.3;
					};
				};
			};
			buildConfigurationList = 0FFAED722C78C87A00F5B005 /* Build configuration list for PBXProject "Cards" */;
			compatibilityVersion = "Xcode 14.0";
			developmentRegion = en;
			hasScannedForEncodings = 0;
			knownRegions = (
				en,
				Base,
			);
			mainGroup = 0FFAED6E2C78C87A00F5B005;
			productRefGroup = 0FFAED782C78C87A00F5B005 /* Products */;
			projectDirPath = "";
			projectRoot = "";
			targets = (
				0FFAED762C78C87A00F5B005 /* Cards */,
			);
		};
/* End PBXProject section */

/* Begin PBXResourcesBuildPhase section */
		0FFAED752C78C87A00F5B005 /* Resources */ = {
			isa = PBXResourcesBuildPhase;
			buildActionMask = 2147483647;
			files = (
				0FFAED822C78C87B00F5B005 /* Preview Assets.xcassets in Resources */,
				0F43A8BD2C7B9E7900523116 /* Stickers in Resources */,
				0FFAED7F2C78C87B00F5B005 /* Assets.xcassets in Resources */,
			);
			runOnlyForDeploymentPostprocessing = 0;
		};
/* End PBXResourcesBuildPhase section */

/* Begin PBXSourcesBuildPhase section */
		0FFAED732C78C87A00F5B005 /* Sources */ = {
			isa = PBXSourcesBuildPhase;
			buildActionMask = 2147483647;
			files = (
				0FFAED912C78D44F00F5B005 /* CardsView.swift in Sources */,
				0F43A8D82C820BF300523116 /* FileManagerExtensions.swift in Sources */,
				0F43A8C82C7CAA6A00523116 /* PencilView.swift in Sources */,
				0FFAED7D2C78C87A00F5B005 /* ContentView.swift in Sources */,
				0F5394282C875F8B0017899F /* UIApplicationExtensions.swift in Sources */,
				0FFAED892C78D02600F5B005 /* CardsListView.swift in Sources */,
				0FFAED8F2C78D2A500F5B005 /* ViewState.swift in Sources */,
				0FFAED7B2C78C87A00F5B005 /* CardsApp.swift in Sources */,
				0F43A8992C7A145500523116 /* CardModal.swift in Sources */,
				0F43A8CA2C7CC4B700523116 /* Shapes.swift in Sources */,
				0F5394222C8758720017899F /* TextView.swift in Sources */,
				0F53941E2C87582E0017899F /* AppFonts.swift in Sources */,
				0F43A89B2C7A157200523116 /* CardBottomToolbar.swift in Sources */,
				0F53941B2C8757A40017899F /* ShareSheetView.swift in Sources */,
				0F43A8D62C820B7700523116 /* UIImageExtensions.swift in Sources */,
				0F43A8AE2C7A468200523116 /* CardToolBar.swift in Sources */,
				0F43A8CE2C7CD2E500523116 /* AnyShape.swift in Sources */,
				0F43A8B42C7A67FE00523116 /* CardElement.swift in Sources */,
				0F43A8DC2C85C92E00523116 /* TextPicker.swift in Sources */,
				0F5394172C8756350017899F /* Carousel.swift in Sources */,
				0F43A8B82C7A687000523116 /* CardStore.swift in Sources */,
				0F43A8A02C7A23E600523116 /* ResizableView.swift in Sources */,
				0F43A8DE2C85EE0000523116 /* CardModalViews.swift in Sources */,
				0F43A8A72C7A377900523116 /* ViewExtensions.swift in Sources */,
				0F43A8C42C7C995D00523116 /* CardDrop.swift in Sources */,
				0F43A8AA2C7A3C3400523116 /* Settings.swift in Sources */,
				0FFAED8D2C78D1E200F5B005 /* SingleCardView.swift in Sources */,
				0F43A8CC2C7CD12100523116 /* FramePicker.swift in Sources */,
				0F43A8A42C7A277400523116 /* Operators.swift in Sources */,
				0F5394242C875ACA0017899F /* AppLoadingView.swift in Sources */,
				0FFAED8B2C78D14D00F5B005 /* CardThumbnailView.swift in Sources */,
				0F5394262C875AD70017899F /* SplashScreen.swift in Sources */,
				0F43A8B02C7A63C700523116 /* PreviewData.swift in Sources */,
				0F5394192C87566A0017899F /* RenderableView.swift in Sources */,
				0F43A8C02C7BA1C000523116 /* StickerPicker.swift in Sources */,
				0F43A8DA2C8215F700523116 /* AngleExtensions.swift in Sources */,
				0F43A8BA2C7A840000523116 /* CardElementView.swift in Sources */,
				0F43A8B62C7A681C00523116 /* Card.swift in Sources */,
				0F43A8A22C7A24B800523116 /* Transform.swift in Sources */,
				0F53942A2C8894150017899F /* ListSelectionView.swift in Sources */,
				0F43A8B22C7A640800523116 /* TextExtensions.swift in Sources */,
				0F43A8972C7A11E000523116 /* CardDetailView.swift in Sources */,
				0F43A8C22C7C870700523116 /* PhotoPicker.swift in Sources */,
				0F43A8AC2C7A3E1000523116 /* ColorExtensions.swift in Sources */,
			);
			runOnlyForDeploymentPostprocessing = 0;
		};
/* End PBXSourcesBuildPhase section */

/* Begin XCBuildConfiguration section */
		0FFAED832C78C87B00F5B005 /* Debug */ = {
			isa = XCBuildConfiguration;
			buildSettings = {
				ALWAYS_SEARCH_USER_PATHS = NO;
				ASSETCATALOG_COMPILER_GENERATE_SWIFT_ASSET_SYMBOL_EXTENSIONS = YES;
				CLANG_ANALYZER_NONNULL = YES;
				CLANG_ANALYZER_NUMBER_OBJECT_CONVERSION = YES_AGGRESSIVE;
				CLANG_CXX_LANGUAGE_STANDARD = "gnu++20";
				CLANG_ENABLE_MODULES = YES;
				CLANG_ENABLE_OBJC_ARC = YES;
				CLANG_ENABLE_OBJC_WEAK = YES;
				CLANG_WARN_BLOCK_CAPTURE_AUTORELEASING = YES;
				CLANG_WARN_BOOL_CONVERSION = YES;
				CLANG_WARN_COMMA = YES;
				CLANG_WARN_CONSTANT_CONVERSION = YES;
				CLANG_WARN_DEPRECATED_OBJC_IMPLEMENTATIONS = YES;
				CLANG_WARN_DIRECT_OBJC_ISA_USAGE = YES_ERROR;
				CLANG_WARN_DOCUMENTATION_COMMENTS = YES;
				CLANG_WARN_EMPTY_BODY = YES;
				CLANG_WARN_ENUM_CONVERSION = YES;
				CLANG_WARN_INFINITE_RECURSION = YES;
				CLANG_WARN_INT_CONVERSION = YES;
				CLANG_WARN_NON_LITERAL_NULL_CONVERSION = YES;
				CLANG_WARN_OBJC_IMPLICIT_RETAIN_SELF = YES;
				CLANG_WARN_OBJC_LITERAL_CONVERSION = YES;
				CLANG_WARN_OBJC_ROOT_CLASS = YES_ERROR;
				CLANG_WARN_QUOTED_INCLUDE_IN_FRAMEWORK_HEADER = YES;
				CLANG_WARN_RANGE_LOOP_ANALYSIS = YES;
				CLANG_WARN_STRICT_PROTOTYPES = YES;
				CLANG_WARN_SUSPICIOUS_MOVE = YES;
				CLANG_WARN_UNGUARDED_AVAILABILITY = YES_AGGRESSIVE;
				CLANG_WARN_UNREACHABLE_CODE = YES;
				CLANG_WARN__DUPLICATE_METHOD_MATCH = YES;
				COPY_PHASE_STRIP = NO;
				DEBUG_INFORMATION_FORMAT = dwarf;
				ENABLE_STRICT_OBJC_MSGSEND = YES;
				ENABLE_TESTABILITY = YES;
				ENABLE_USER_SCRIPT_SANDBOXING = YES;
				GCC_C_LANGUAGE_STANDARD = gnu17;
				GCC_DYNAMIC_NO_PIC = NO;
				GCC_NO_COMMON_BLOCKS = YES;
				GCC_OPTIMIZATION_LEVEL = 0;
				GCC_PREPROCESSOR_DEFINITIONS = (
					"DEBUG=1",
					"$(inherited)",
				);
				GCC_WARN_64_TO_32_BIT_CONVERSION = YES;
				GCC_WARN_ABOUT_RETURN_TYPE = YES_ERROR;
				GCC_WARN_UNDECLARED_SELECTOR = YES;
				GCC_WARN_UNINITIALIZED_AUTOS = YES_AGGRESSIVE;
				GCC_WARN_UNUSED_FUNCTION = YES;
				GCC_WARN_UNUSED_VARIABLE = YES;
				IPHONEOS_DEPLOYMENT_TARGET = 17.4;
				LOCALIZATION_PREFERS_STRING_CATALOGS = YES;
				MTL_ENABLE_DEBUG_INFO = INCLUDE_SOURCE;
				MTL_FAST_MATH = YES;
				ONLY_ACTIVE_ARCH = YES;
				SDKROOT = iphoneos;
				SWIFT_ACTIVE_COMPILATION_CONDITIONS = "DEBUG $(inherited)";
				SWIFT_OPTIMIZATION_LEVEL = "-Onone";
			};
			name = Debug;
		};
		0FFAED842C78C87B00F5B005 /* Release */ = {
			isa = XCBuildConfiguration;
			buildSettings = {
				ALWAYS_SEARCH_USER_PATHS = NO;
				ASSETCATALOG_COMPILER_GENERATE_SWIFT_ASSET_SYMBOL_EXTENSIONS = YES;
				CLANG_ANALYZER_NONNULL = YES;
				CLANG_ANALYZER_NUMBER_OBJECT_CONVERSION = YES_AGGRESSIVE;
				CLANG_CXX_LANGUAGE_STANDARD = "gnu++20";
				CLANG_ENABLE_MODULES = YES;
				CLANG_ENABLE_OBJC_ARC = YES;
				CLANG_ENABLE_OBJC_WEAK = YES;
				CLANG_WARN_BLOCK_CAPTURE_AUTORELEASING = YES;
				CLANG_WARN_BOOL_CONVERSION = YES;
				CLANG_WARN_COMMA = YES;
				CLANG_WARN_CONSTANT_CONVERSION = YES;
				CLANG_WARN_DEPRECATED_OBJC_IMPLEMENTATIONS = YES;
				CLANG_WARN_DIRECT_OBJC_ISA_USAGE = YES_ERROR;
				CLANG_WARN_DOCUMENTATION_COMMENTS = YES;
				CLANG_WARN_EMPTY_BODY = YES;
				CLANG_WARN_ENUM_CONVERSION = YES;
				CLANG_WARN_INFINITE_RECURSION = YES;
				CLANG_WARN_INT_CONVERSION = YES;
				CLANG_WARN_NON_LITERAL_NULL_CONVERSION = YES;
				CLANG_WARN_OBJC_IMPLICIT_RETAIN_SELF = YES;
				CLANG_WARN_OBJC_LITERAL_CONVERSION = YES;
				CLANG_WARN_OBJC_ROOT_CLASS = YES_ERROR;
				CLANG_WARN_QUOTED_INCLUDE_IN_FRAMEWORK_HEADER = YES;
				CLANG_WARN_RANGE_LOOP_ANALYSIS = YES;
				CLANG_WARN_STRICT_PROTOTYPES = YES;
				CLANG_WARN_SUSPICIOUS_MOVE = YES;
				CLANG_WARN_UNGUARDED_AVAILABILITY = YES_AGGRESSIVE;
				CLANG_WARN_UNREACHABLE_CODE = YES;
				CLANG_WARN__DUPLICATE_METHOD_MATCH = YES;
				COPY_PHASE_STRIP = NO;
				DEBUG_INFORMATION_FORMAT = "dwarf-with-dsym";
				ENABLE_NS_ASSERTIONS = NO;
				ENABLE_STRICT_OBJC_MSGSEND = YES;
				ENABLE_USER_SCRIPT_SANDBOXING = YES;
				GCC_C_LANGUAGE_STANDARD = gnu17;
				GCC_NO_COMMON_BLOCKS = YES;
				GCC_WARN_64_TO_32_BIT_CONVERSION = YES;
				GCC_WARN_ABOUT_RETURN_TYPE = YES_ERROR;
				GCC_WARN_UNDECLARED_SELECTOR = YES;
				GCC_WARN_UNINITIALIZED_AUTOS = YES_AGGRESSIVE;
				GCC_WARN_UNUSED_FUNCTION = YES;
				GCC_WARN_UNUSED_VARIABLE = YES;
				IPHONEOS_DEPLOYMENT_TARGET = 17.4;
				LOCALIZATION_PREFERS_STRING_CATALOGS = YES;
				MTL_ENABLE_DEBUG_INFO = NO;
				MTL_FAST_MATH = YES;
				SDKROOT = iphoneos;
				SWIFT_COMPILATION_MODE = wholemodule;
				VALIDATE_PRODUCT = YES;
			};
			name = Release;
		};
		0FFAED862C78C87B00F5B005 /* Debug */ = {
			isa = XCBuildConfiguration;
			buildSettings = {
				ASSETCATALOG_COMPILER_APPICON_NAME = AppIcon;
				ASSETCATALOG_COMPILER_GLOBAL_ACCENT_COLOR_NAME = AccentColor;
				CODE_SIGN_STYLE = Automatic;
				CURRENT_PROJECT_VERSION = 1;
				DEVELOPMENT_ASSET_PATHS = "\"Cards/Preview Content\"";
				DEVELOPMENT_TEAM = 4L9HZ5K5Q3;
				ENABLE_PREVIEWS = YES;
				GENERATE_INFOPLIST_FILE = YES;
				INFOPLIST_FILE = Cards/Info.plist;
				INFOPLIST_KEY_UIApplicationSceneManifest_Generation = YES;
				INFOPLIST_KEY_UIApplicationSupportsIndirectInputEvents = YES;
				INFOPLIST_KEY_UISupportedInterfaceOrientations_iPad = "UIInterfaceOrientationPortrait UIInterfaceOrientationPortraitUpsideDown UIInterfaceOrientationLandscapeLeft UIInterfaceOrientationLandscapeRight";
				INFOPLIST_KEY_UISupportedInterfaceOrientations_iPhone = "UIInterfaceOrientationPortrait UIInterfaceOrientationLandscapeLeft UIInterfaceOrientationLandscapeRight";
				LD_RUNPATH_SEARCH_PATHS = (
					"$(inherited)",
					"@executable_path/Frameworks",
				);
				MARKETING_VERSION = 1.0;
				PRODUCT_BUNDLE_IDENTIFIER = com.skh.Cards;
				PRODUCT_NAME = "$(TARGET_NAME)";
				SWIFT_EMIT_LOC_STRINGS = YES;
				SWIFT_VERSION = 5.0;
				TARGETED_DEVICE_FAMILY = "1,2";
			};
			name = Debug;
		};
		0FFAED872C78C87B00F5B005 /* Release */ = {
			isa = XCBuildConfiguration;
			buildSettings = {
				ASSETCATALOG_COMPILER_APPICON_NAME = AppIcon;
				ASSETCATALOG_COMPILER_GLOBAL_ACCENT_COLOR_NAME = AccentColor;
				CODE_SIGN_STYLE = Automatic;
				CURRENT_PROJECT_VERSION = 1;
				DEVELOPMENT_ASSET_PATHS = "\"Cards/Preview Content\"";
				DEVELOPMENT_TEAM = 4L9HZ5K5Q3;
				ENABLE_PREVIEWS = YES;
				GENERATE_INFOPLIST_FILE = YES;
				INFOPLIST_FILE = Cards/Info.plist;
				INFOPLIST_KEY_UIApplicationSceneManifest_Generation = YES;
				INFOPLIST_KEY_UIApplicationSupportsIndirectInputEvents = YES;
				INFOPLIST_KEY_UISupportedInterfaceOrientations_iPad = "UIInterfaceOrientationPortrait UIInterfaceOrientationPortraitUpsideDown UIInterfaceOrientationLandscapeLeft UIInterfaceOrientationLandscapeRight";
				INFOPLIST_KEY_UISupportedInterfaceOrientations_iPhone = "UIInterfaceOrientationPortrait UIInterfaceOrientationLandscapeLeft UIInterfaceOrientationLandscapeRight";
				LD_RUNPATH_SEARCH_PATHS = (
					"$(inherited)",
					"@executable_path/Frameworks",
				);
				MARKETING_VERSION = 1.0;
				PRODUCT_BUNDLE_IDENTIFIER = com.skh.Cards;
				PRODUCT_NAME = "$(TARGET_NAME)";
				SWIFT_EMIT_LOC_STRINGS = YES;
				SWIFT_VERSION = 5.0;
				TARGETED_DEVICE_FAMILY = "1,2";
			};
			name = Release;
		};
/* End XCBuildConfiguration section */

/* Begin XCConfigurationList section */
		0FFAED722C78C87A00F5B005 /* Build configuration list for PBXProject "Cards" */ = {
			isa = XCConfigurationList;
			buildConfigurations = (
				0FFAED832C78C87B00F5B005 /* Debug */,
				0FFAED842C78C87B00F5B005 /* Release */,
			);
			defaultConfigurationIsVisible = 0;
			defaultConfigurationName = Release;
		};
		0FFAED852C78C87B00F5B005 /* Build configuration list for PBXNativeTarget "Cards" */ = {
			isa = XCConfigurationList;
			buildConfigurations = (
				0FFAED862C78C87B00F5B005 /* Debug */,
				0FFAED872C78C87B00F5B005 /* Release */,
			);
			defaultConfigurationIsVisible = 0;
			defaultConfigurationName = Release;
		};
/* End XCConfigurationList section */
	};
	rootObject = 0FFAED6F2C78C87A00F5B005 /* Project object */;
}
